// !$*UTF8*$!
{
	archiveVersion = 1;
	classes = {
	};
	objectVersion = 110;
	objects = {

/* Begin PBXBuildFile section */
		A1B2C3D43065C65F006917E2 /* GridWalkKit in Frameworks */ = {isa = PBXBuildFile; productRef = A1B2C3D53065C65F006917E2 /* GridWalkKit */; };
		WDG01EBF3065C65F006917E2 /* Grid Walk Widget.appex in Embed Foundation Extensions */ = {isa = PBXBuildFile; fileRef = WDG01PRD3065C65F006917E2 /* Grid Walk Widget.appex */; settings = {ATTRIBUTES = (RemoveHeadersOnCopy, ); }; };
		WDG01KBF3065C65F006917E2 /* GridWalkKit in Frameworks */ = {isa = PBXBuildFile; productRef = WDG01KIT3065C65F006917E2 /* GridWalkKit */; };
		A1B2C3E43065C65F006917E2 /* GridWalkDesign in Frameworks */ = {isa = PBXBuildFile; productRef = A1B2C3E53065C65F006917E2 /* GridWalkDesign */; };
		WDG01DBF3065C65F006917E2 /* GridWalkDesign in Frameworks */ = {isa = PBXBuildFile; productRef = WDG01DSN3065C65F006917E2 /* GridWalkDesign */; };
/* End PBXBuildFile section */

/* Begin PBXContainerItemProxy section */
		WDG01PRX3065C65F006917E2 /* PBXContainerItemProxy */ = {
			isa = PBXContainerItemProxy;
			containerPortal = C0357AB53065C65F006917E2 /* Project object */;
			proxyType = 1;
			remoteGlobalIDString = WDG01TGT3065C65F006917E2;
			remoteInfo = "Grid Walk Widget";
		};
/* End PBXContainerItemProxy section */

/* Begin PBXCopyFilesBuildPhase section */
		WDG01EMB3065C65F006917E2 /* Embed Foundation Extensions */ = {
			isa = PBXCopyFilesBuildPhase;
			dstPath = "";
			dstSubfolder = PlugIns;
			files = (
				WDG01EBF3065C65F006917E2 /* Grid Walk Widget.appex in Embed Foundation Extensions */,
			);
			name = "Embed Foundation Extensions";
		};
/* End PBXCopyFilesBuildPhase section */

/* Begin PBXFileReference section */
		C0357ABD3065C65F006917E2 /* Grid Walk.app */ = {isa = PBXFileReference; explicitFileType = wrapper.application; includeInIndex = 0; path = "Grid Walk.app"; sourceTree = BUILT_PRODUCTS_DIR; };
		WDG01PRD3065C65F006917E2 /* Grid Walk Widget.appex */ = {isa = PBXFileReference; explicitFileType = "wrapper.app-extension"; includeInIndex = 0; path = "Grid Walk Widget.appex"; sourceTree = BUILT_PRODUCTS_DIR; };
/* End PBXFileReference section */

/* Begin PBXFileSystemSynchronizedBuildFileExceptionSet section */
		WDG01EXC3065C65F006917E2 /* Exceptions for "Grid Walk Widget" folder in "Grid Walk Widget" target */ = {
			isa = PBXFileSystemSynchronizedBuildFileExceptionSet;
			membershipExceptions = (
				Info.plist,
			);
			target = WDG01TGT3065C65F006917E2 /* Grid Walk Widget */;
		};
/* End PBXFileSystemSynchronizedBuildFileExceptionSet section */

/* Begin PBXFileSystemSynchronizedRootGroup section */
		C0357ABF3065C65F006917E2 /* Grid Walk */ = {
			isa = PBXFileSystemSynchronizedRootGroup;
			path = "Grid Walk";
			sourceTree = "<group>";
		};
		WDG01GRP3065C65F006917E2 /* Grid Walk Widget */ = {
			isa = PBXFileSystemSynchronizedRootGroup;
			exceptions = (
				WDG01EXC3065C65F006917E2 /* Exceptions for "Grid Walk Widget" folder in "Grid Walk Widget" target */,
			);
			path = "Grid Walk Widget";
			sourceTree = "<group>";
		};
/* End PBXFileSystemSynchronizedRootGroup section */

/* Begin PBXFrameworksBuildPhase section */
		C0357ABA3065C65F006917E2 /* Frameworks */ = {
			isa = PBXFrameworksBuildPhase;
			files = (
				A1B2C3D43065C65F006917E2 /* GridWalkKit in Frameworks */,
				A1B2C3E43065C65F006917E2 /* GridWalkDesign in Frameworks */,
			);
		};
		WDG01FRM3065C65F006917E2 /* Frameworks */ = {
			isa = PBXFrameworksBuildPhase;
			files = (
				WDG01KBF3065C65F006917E2 /* GridWalkKit in Frameworks */,
				WDG01DBF3065C65F006917E2 /* GridWalkDesign in Frameworks */,
			);
		};
/* End PBXFrameworksBuildPhase section */

/* Begin PBXGroup section */
		C0357AB43065C65F006917E2 = {
			isa = PBXGroup;
			children = (
				C0357ABF3065C65F006917E2 /* Grid Walk */,
				WDG01GRP3065C65F006917E2 /* Grid Walk Widget */,
				C0357ABE3065C65F006917E2 /* Products */,
			);
			sourceTree = "<group>";
		};
		C0357ABE3065C65F006917E2 /* Products */ = {
			isa = PBXGroup;
			children = (
				C0357ABD3065C65F006917E2 /* Grid Walk.app */,
				WDG01PRD3065C65F006917E2 /* Grid Walk Widget.appex */,
			);
			name = Products;
			sourceTree = "<group>";
		};
/* End PBXGroup section */

/* Begin PBXNativeTarget section */
		C0357ABC3065C65F006917E2 /* Grid Walk */ = {
			isa = PBXNativeTarget;
			buildConfigurationList = C0357AC83065C660006917E2 /* Build configuration list for PBXNativeTarget "Grid Walk" */;
			buildPhases = (
				C0357AB93065C65F006917E2 /* Sources */,
				C0357ABA3065C65F006917E2 /* Frameworks */,
				C0357ABB3065C65F006917E2 /* Resources */,
				WDG01EMB3065C65F006917E2 /* Embed Foundation Extensions */,
			);
			buildRules = (
			);
			dependencies = (
				WDG01DEP3065C65F006917E2 /* PBXTargetDependency */,
			);
			fileSystemSynchronizedGroups = (
				C0357ABF3065C65F006917E2 /* Grid Walk */,
			);
			name = "Grid Walk";
			packageProductDependencies = (
				A1B2C3D53065C65F006917E2 /* GridWalkKit */,
				A1B2C3E53065C65F006917E2 /* GridWalkDesign */,
			);
			productName = "Grid Walk";
			productReference = C0357ABD3065C65F006917E2 /* Grid Walk.app */;
			productType = "com.apple.product-type.application";
		};
		WDG01TGT3065C65F006917E2 /* Grid Walk Widget */ = {
			isa = PBXNativeTarget;
			buildConfigurationList = WDG01CFG3065C65F006917E2 /* Build configuration list for PBXNativeTarget "Grid Walk Widget" */;
			buildPhases = (
				WDG01SRC3065C65F006917E2 /* Sources */,
				WDG01FRM3065C65F006917E2 /* Frameworks */,
				WDG01RES3065C65F006917E2 /* Resources */,
			);
			buildRules = (
			);
			fileSystemSynchronizedGroups = (
				WDG01GRP3065C65F006917E2 /* Grid Walk Widget */,
			);
			name = "Grid Walk Widget";
			packageProductDependencies = (
				WDG01KIT3065C65F006917E2 /* GridWalkKit */,
				WDG01DSN3065C65F006917E2 /* GridWalkDesign */,
			);
			productName = "Grid Walk Widget";
			productReference = WDG01PRD3065C65F006917E2 /* Grid Walk Widget.appex */;
			productType = "com.apple.product-type.app-extension";
		};
/* End PBXNativeTarget section */

/* Begin PBXProject section */
		C0357AB53065C65F006917E2 /* Project object */ = {
			isa = PBXProject;
			attributes = {
				BuildIndependentTargetsInParallel = 1;
				LastSwiftUpdateCheck = 2700;
				LastUpgradeCheck = 2700;
				TargetAttributes = {
					C0357ABC3065C65F006917E2 = {
						CreatedOnToolsVersion = 27.0;
					};
					WDG01TGT3065C65F006917E2 = {
						CreatedOnToolsVersion = 27.0;
					};
				};
			};
			buildConfigurationList = C0357AB83065C65F006917E2 /* Build configuration list for PBXProject "Grid Walk" */;
			developmentRegion = en;
			hasScannedForEncodings = 0;
			knownRegions = (
				en,
				Base,
				pt,
			);
			mainGroup = C0357AB43065C65F006917E2;
			minimizedProjectReferenceProxies = 1;
			packageReferences = (
				A1B2C3D63065C65F006917E2 /* XCLocalSwiftPackageReference "GridWalkKit" */,
			);
			preferredProjectObjectVersion = 77;
			productRefGroup = C0357ABE3065C65F006917E2 /* Products */;
			projectDirPath = "";
			projectRoot = "";
			targets = (
				C0357ABC3065C65F006917E2 /* Grid Walk */,
				WDG01TGT3065C65F006917E2 /* Grid Walk Widget */,
			);
		};
/* End PBXProject section */

/* Begin PBXResourcesBuildPhase section */
		C0357ABB3065C65F006917E2 /* Resources */ = {
			isa = PBXResourcesBuildPhase;
			files = (
			);
		};
		WDG01RES3065C65F006917E2 /* Resources */ = {
			isa = PBXResourcesBuildPhase;
			files = (
			);
		};
/* End PBXResourcesBuildPhase section */

/* Begin PBXSourcesBuildPhase section */
		C0357AB93065C65F006917E2 /* Sources */ = {
			isa = PBXSourcesBuildPhase;
			files = (
			);
		};
		WDG01SRC3065C65F006917E2 /* Sources */ = {
			isa = PBXSourcesBuildPhase;
			files = (
			);
		};
/* End PBXSourcesBuildPhase section */

/* Begin PBXTargetDependency section */
		WDG01DEP3065C65F006917E2 /* PBXTargetDependency */ = {
			isa = PBXTargetDependency;
			target = WDG01TGT3065C65F006917E2 /* Grid Walk Widget */;
			targetProxy = WDG01PRX3065C65F006917E2 /* PBXContainerItemProxy */;
		};
/* End PBXTargetDependency section */

/* Begin XCBuildConfiguration section */
		C0357AC63065C660006917E2 /* Debug configuration for PBXProject "Grid Walk" */ = {
			isa = XCBuildConfiguration;
			buildSettings = {
				ALWAYS_SEARCH_USER_PATHS = NO;
				ASSETCATALOG_COMPILER_GENERATE_SWIFT_ASSET_SYMBOL_EXTENSIONS = YES;
				CLANG_ANALYZER_NONNULL = YES;
				CLANG_ANALYZER_NUMBER_OBJECT_CONVERSION = YES_AGGRESSIVE;
				CLANG_CXX_LANGUAGE_STANDARD = "gnu++20";
				CLANG_ENABLE_MODULES = YES;
				CLANG_ENABLE_OBJC_ARC = YES;
				CLANG_ENABLE_OBJC_WEAK = YES;
				CLANG_WARN_BLOCK_CAPTURE_AUTORELEASING = YES;
				CLANG_WARN_BOOL_CONVERSION = YES;
				CLANG_WARN_COMMA = YES;
				CLANG_WARN_CONSTANT_CONVERSION = YES;
				CLANG_WARN_DEPRECATED_OBJC_IMPLEMENTATIONS = YES;
				CLANG_WARN_DIRECT_OBJC_ISA_USAGE = YES_ERROR;
				CLANG_WARN_DOCUMENTATION_COMMENTS = YES;
				CLANG_WARN_EMPTY_BODY = YES;
				CLANG_WARN_ENUM_CONVERSION = YES;
				CLANG_WARN_INFINITE_RECURSION = YES;
				CLANG_WARN_INT_CONVERSION = YES;
				CLANG_WARN_NON_LITERAL_NULL_CONVERSION = YES;
				CLANG_WARN_OBJC_IMPLICIT_RETAIN_SELF = YES;
				CLANG_WARN_OBJC_LITERAL_CONVERSION = YES;
				CLANG_WARN_OBJC_ROOT_CLASS = YES_ERROR;
				CLANG_WARN_QUOTED_INCLUDE_IN_FRAMEWORK_HEADER = YES;
				CLANG_WARN_RANGE_LOOP_ANALYSIS = YES;
				CLANG_WARN_STRICT_PROTOTYPES = YES;
				CLANG_WARN_SUSPICIOUS_MOVE = YES;
				CLANG_WARN_UNGUARDED_AVAILABILITY = YES_AGGRESSIVE;
				CLANG_WARN_UNREACHABLE_CODE = YES;
				CLANG_WARN__DUPLICATE_METHOD_MATCH = YES;
				COPY_PHASE_STRIP = NO;
				DEBUG_INFORMATION_FORMAT = dwarf;
				DEVELOPMENT_TEAM = 69U3V2VVHF;
				ENABLE_STRICT_OBJC_MSGSEND = YES;
				ENABLE_TESTABILITY = YES;
				ENABLE_USER_SCRIPT_SANDBOXING = YES;
				GCC_C_LANGUAGE_STANDARD = gnu17;
				GCC_DYNAMIC_NO_PIC = NO;
				GCC_NO_COMMON_BLOCKS = YES;
				GCC_OPTIMIZATION_LEVEL = 0;
				GCC_PREPROCESSOR_DEFINITIONS = (
					"DEBUG=1",
					"$(inherited)",
				);
				GCC_WARN_64_TO_32_BIT_CONVERSION = YES;
				GCC_WARN_ABOUT_RETURN_TYPE = YES_ERROR;
				GCC_WARN_UNDECLARED_SELECTOR = YES;
				GCC_WARN_UNINITIALIZED_AUTOS = YES_AGGRESSIVE;
				GCC_WARN_UNUSED_FUNCTION = YES;
				GCC_WARN_UNUSED_VARIABLE = YES;
				LOCALIZATION_PREFERS_STRING_CATALOGS = YES;
				MTL_ENABLE_DEBUG_INFO = INCLUDE_SOURCE;
				MTL_FAST_MATH = YES;
				ONLY_ACTIVE_ARCH = YES;
				SWIFT_ACTIVE_COMPILATION_CONDITIONS = "DEBUG $(inherited)";
				SWIFT_OPTIMIZATION_LEVEL = "-Onone";
			};
			name = Debug;
		};
		C0357AC73065C660006917E2 /* Release configuration for PBXProject "Grid Walk" */ = {
			isa = XCBuildConfiguration;
			buildSettings = {
				ALWAYS_SEARCH_USER_PATHS = NO;
				ASSETCATALOG_COMPILER_GENERATE_SWIFT_ASSET_SYMBOL_EXTENSIONS = YES;
				CLANG_ANALYZER_NONNULL = YES;
				CLANG_ANALYZER_NUMBER_OBJECT_CONVERSION = YES_AGGRESSIVE;
				CLANG_CXX_LANGUAGE_STANDARD = "gnu++20";
				CLANG_ENABLE_MODULES = YES;
				CLANG_ENABLE_OBJC_ARC = YES;
				CLANG_ENABLE_OBJC_WEAK = YES;
				CLANG_WARN_BLOCK_CAPTURE_AUTORELEASING = YES;
				CLANG_WARN_BOOL_CONVERSION = YES;
				CLANG_WARN_COMMA = YES;
				CLANG_WARN_CONSTANT_CONVERSION = YES;
				CLANG_WARN_DEPRECATED_OBJC_IMPLEMENTATIONS = YES;
				CLANG_WARN_DIRECT_OBJC_ISA_USAGE = YES_ERROR;
				CLANG_WARN_DOCUMENTATION_COMMENTS = YES;
				CLANG_WARN_EMPTY_BODY = YES;
				CLANG_WARN_ENUM_CONVERSION = YES;
				CLANG_WARN_INFINITE_RECURSION = YES;
				CLANG_WARN_INT_CONVERSION = YES;
				CLANG_WARN_NON_LITERAL_NULL_CONVERSION = YES;
				CLANG_WARN_OBJC_IMPLICIT_RETAIN_SELF = YES;
				CLANG_WARN_OBJC_LITERAL_CONVERSION = YES;
				CLANG_WARN_OBJC_ROOT_CLASS = YES_ERROR;
				CLANG_WARN_QUOTED_INCLUDE_IN_FRAMEWORK_HEADER = YES;
				CLANG_WARN_RANGE_LOOP_ANALYSIS = YES;
				CLANG_WARN_STRICT_PROTOTYPES = YES;
				CLANG_WARN_SUSPICIOUS_MOVE = YES;
				CLANG_WARN_UNGUARDED_AVAILABILITY = YES_AGGRESSIVE;
				CLANG_WARN_UNREACHABLE_CODE = YES;
				CLANG_WARN__DUPLICATE_METHOD_MATCH = YES;
				COPY_PHASE_STRIP = NO;
				DEBUG_INFORMATION_FORMAT = "dwarf-with-dsym";
				DEVELOPMENT_TEAM = 69U3V2VVHF;
				ENABLE_NS_ASSERTIONS = NO;
				ENABLE_STRICT_OBJC_MSGSEND = YES;
				ENABLE_USER_SCRIPT_SANDBOXING = YES;
				GCC_C_LANGUAGE_STANDARD = gnu17;
				GCC_NO_COMMON_BLOCKS = YES;
				GCC_WARN_64_TO_32_BIT_CONVERSION = YES;
				GCC_WARN_ABOUT_RETURN_TYPE = YES_ERROR;
				GCC_WARN_UNDECLARED_SELECTOR = YES;
				GCC_WARN_UNINITIALIZED_AUTOS = YES_AGGRESSIVE;
				GCC_WARN_UNUSED_FUNCTION = YES;
				GCC_WARN_UNUSED_VARIABLE = YES;
				LOCALIZATION_PREFERS_STRING_CATALOGS = YES;
				MTL_ENABLE_DEBUG_INFO = NO;
				MTL_FAST_MATH = YES;
				SWIFT_COMPILATION_MODE = wholemodule;
			};
			name = Release;
		};
		C0357AC93065C660006917E2 /* Debug configuration for PBXNativeTarget "Grid Walk" */ = {
			isa = XCBuildConfiguration;
			buildSettings = {
				ASSETCATALOG_COMPILER_APPICON_NAME = AppIcon;
				ASSETCATALOG_COMPILER_GLOBAL_ACCENT_COLOR_NAME = AccentColor;
				CODE_SIGN_ENTITLEMENTS = "Grid Walk/Grid_Walk.entitlements";
				CODE_SIGN_STYLE = Automatic;
				CURRENT_PROJECT_VERSION = 1;
				DEVELOPMENT_TEAM = 69U3V2VVHF;
				ENABLE_APP_SANDBOX = YES;
				ENABLE_HARDENED_RUNTIME = YES;
				ENABLE_OUTGOING_NETWORK_CONNECTIONS = YES;
				ENABLE_PREVIEWS = YES;
				ENABLE_USER_SELECTED_FILES = readonly;
				GENERATE_INFOPLIST_FILE = YES;
				"INFOPLIST_KEY_LSUIElement[sdk=macosx*]" = YES;
				INFOPLIST_KEY_NSCalendarsUsageDescription = "Grid Walk adds race weekend sessions to your calendar.";
				INFOPLIST_KEY_NSCalendarsWriteOnlyAccessUsageDescription = "Grid Walk adds race weekend sessions to your calendar.";
				"INFOPLIST_KEY_NSSupportsLiveActivities[sdk=iphoneos*]" = YES;
				"INFOPLIST_KEY_NSSupportsLiveActivities[sdk=iphonesimulator*]" = YES;
				"INFOPLIST_KEY_UIApplicationSceneManifest_Generation[sdk=iphoneos*]" = YES;
				"INFOPLIST_KEY_UIApplicationSceneManifest_Generation[sdk=iphonesimulator*]" = YES;
				"INFOPLIST_KEY_UIApplicationSupportsIndirectInputEvents[sdk=iphoneos*]" = YES;
				"INFOPLIST_KEY_UIApplicationSupportsIndirectInputEvents[sdk=iphonesimulator*]" = YES;
				"INFOPLIST_KEY_UILaunchScreen_Generation[sdk=iphoneos*]" = YES;
				"INFOPLIST_KEY_UILaunchScreen_Generation[sdk=iphonesimulator*]" = YES;
				"INFOPLIST_KEY_UIStatusBarStyle[sdk=iphoneos*]" = UIStatusBarStyleDefault;
				"INFOPLIST_KEY_UIStatusBarStyle[sdk=iphonesimulator*]" = UIStatusBarStyleDefault;
				INFOPLIST_KEY_UISupportedInterfaceOrientations_iPad = "UIInterfaceOrientationPortrait UIInterfaceOrientationPortraitUpsideDown UIInterfaceOrientationLandscapeLeft UIInterfaceOrientationLandscapeRight";
				INFOPLIST_KEY_UISupportedInterfaceOrientations_iPhone = "UIInterfaceOrientationPortrait UIInterfaceOrientationLandscapeLeft UIInterfaceOrientationLandscapeRight";
				IPHONEOS_DEPLOYMENT_TARGET = 17.0;
				LD_RUNPATH_SEARCH_PATHS = "@executable_path/Frameworks";
				"LD_RUNPATH_SEARCH_PATHS[sdk=macosx*]" = "@executable_path/../Frameworks";
				MACOSX_DEPLOYMENT_TARGET = 14.0;
				MARKETING_VERSION = 1.0;
				PRODUCT_BUNDLE_IDENTIFIER = "com.gabrieldazzi.Grid-Walk";
				PRODUCT_NAME = "$(TARGET_NAME)";
				REGISTER_APP_GROUPS = YES;
				SDKROOT = auto;
				STRING_CATALOG_GENERATE_SYMBOLS = YES;
				SUPPORTED_PLATFORMS = "iphoneos iphonesimulator macosx";
				SUPPORTS_MACCATALYST = NO;
				SWIFT_APPROACHABLE_CONCURRENCY = YES;
				SWIFT_DEFAULT_ACTOR_ISOLATION = MainActor;
				SWIFT_EMIT_LOC_STRINGS = YES;
				SWIFT_UPCOMING_FEATURE_MEMBER_IMPORT_VISIBILITY = YES;
				SWIFT_VERSION = 6.0;
				TARGETED_DEVICE_FAMILY = "1,2";
			};
			name = Debug;
		};
		C0357ACA3065C660006917E2 /* Release configuration for PBXNativeTarget "Grid Walk" */ = {
			isa = XCBuildConfiguration;
			buildSettings = {
				ASSETCATALOG_COMPILER_APPICON_NAME = AppIcon;
				ASSETCATALOG_COMPILER_GLOBAL_ACCENT_COLOR_NAME = AccentColor;
				CODE_SIGN_ENTITLEMENTS = "Grid Walk/Grid_Walk.entitlements";
				CODE_SIGN_STYLE = Automatic;
				CURRENT_PROJECT_VERSION = 1;
				DEVELOPMENT_TEAM = 69U3V2VVHF;
				ENABLE_APP_SANDBOX = YES;
				ENABLE_HARDENED_RUNTIME = YES;
				ENABLE_OUTGOING_NETWORK_CONNECTIONS = YES;
				ENABLE_PREVIEWS = YES;
				ENABLE_USER_SELECTED_FILES = readonly;
				GENERATE_INFOPLIST_FILE = YES;
				"INFOPLIST_KEY_LSUIElement[sdk=macosx*]" = YES;
				INFOPLIST_KEY_NSCalendarsUsageDescription = "Grid Walk adds race weekend sessions to your calendar.";
				INFOPLIST_KEY_NSCalendarsWriteOnlyAccessUsageDescription = "Grid Walk adds race weekend sessions to your calendar.";
				"INFOPLIST_KEY_NSSupportsLiveActivities[sdk=iphoneos*]" = YES;
				"INFOPLIST_KEY_NSSupportsLiveActivities[sdk=iphonesimulator*]" = YES;
				"INFOPLIST_KEY_UIApplicationSceneManifest_Generation[sdk=iphoneos*]" = YES;
				"INFOPLIST_KEY_UIApplicationSceneManifest_Generation[sdk=iphonesimulator*]" = YES;
				"INFOPLIST_KEY_UIApplicationSupportsIndirectInputEvents[sdk=iphoneos*]" = YES;
				"INFOPLIST_KEY_UIApplicationSupportsIndirectInputEvents[sdk=iphonesimulator*]" = YES;
				"INFOPLIST_KEY_UILaunchScreen_Generation[sdk=iphoneos*]" = YES;
				"INFOPLIST_KEY_UILaunchScreen_Generation[sdk=iphonesimulator*]" = YES;
				"INFOPLIST_KEY_UIStatusBarStyle[sdk=iphoneos*]" = UIStatusBarStyleDefault;
				"INFOPLIST_KEY_UIStatusBarStyle[sdk=iphonesimulator*]" = UIStatusBarStyleDefault;
				INFOPLIST_KEY_UISupportedInterfaceOrientations_iPad = "UIInterfaceOrientationPortrait UIInterfaceOrientationPortraitUpsideDown UIInterfaceOrientationLandscapeLeft UIInterfaceOrientationLandscapeRight";
				INFOPLIST_KEY_UISupportedInterfaceOrientations_iPhone = "UIInterfaceOrientationPortrait UIInterfaceOrientationLandscapeLeft UIInterfaceOrientationLandscapeRight";
				IPHONEOS_DEPLOYMENT_TARGET = 17.0;
				LD_RUNPATH_SEARCH_PATHS = "@executable_path/Frameworks";
				"LD_RUNPATH_SEARCH_PATHS[sdk=macosx*]" = "@executable_path/../Frameworks";
				MACOSX_DEPLOYMENT_TARGET = 14.0;
				MARKETING_VERSION = 1.0;
				PRODUCT_BUNDLE_IDENTIFIER = "com.gabrieldazzi.Grid-Walk";
				PRODUCT_NAME = "$(TARGET_NAME)";
				REGISTER_APP_GROUPS = YES;
				SDKROOT = auto;
				STRING_CATALOG_GENERATE_SYMBOLS = YES;
				SUPPORTED_PLATFORMS = "iphoneos iphonesimulator macosx";
				SUPPORTS_MACCATALYST = NO;
				SWIFT_APPROACHABLE_CONCURRENCY = YES;
				SWIFT_DEFAULT_ACTOR_ISOLATION = MainActor;
				SWIFT_EMIT_LOC_STRINGS = YES;
				SWIFT_UPCOMING_FEATURE_MEMBER_IMPORT_VISIBILITY = YES;
				SWIFT_VERSION = 6.0;
				TARGETED_DEVICE_FAMILY = "1,2";
			};
			name = Release;
		};
		WDG01DBG3065C65F006917E2 /* Debug configuration for PBXNativeTarget "Grid Walk Widget" */ = {
			isa = XCBuildConfiguration;
			buildSettings = {
				ASSETCATALOG_COMPILER_GLOBAL_ACCENT_COLOR_NAME = AccentColor;
				ASSETCATALOG_COMPILER_WIDGET_BACKGROUND_COLOR_NAME = WidgetBackground;
				CODE_SIGN_ENTITLEMENTS = "Grid Walk Widget/Grid_Walk_Widget.entitlements";
				CODE_SIGN_STYLE = Automatic;
				CURRENT_PROJECT_VERSION = 1;
				DEVELOPMENT_TEAM = 69U3V2VVHF;
				ENABLE_APP_SANDBOX = YES;
				GENERATE_INFOPLIST_FILE = YES;
				INFOPLIST_FILE = "Grid Walk Widget/Info.plist";
				INFOPLIST_KEY_CFBundleDisplayName = "Grid Walk";
				INFOPLIST_KEY_NSHumanReadableCopyright = "";
				IPHONEOS_DEPLOYMENT_TARGET = 17.0;
				LD_RUNPATH_SEARCH_PATHS = (
					"$(inherited)",
					"@executable_path/Frameworks",
					"@executable_path/../../Frameworks",
				);
				"LD_RUNPATH_SEARCH_PATHS[sdk=macosx*]" = (
					"$(inherited)",
					"@executable_path/../Frameworks",
					"@executable_path/../../../../Frameworks",
				);
				MACOSX_DEPLOYMENT_TARGET = 14.0;
				MARKETING_VERSION = 1.0;
				PRODUCT_BUNDLE_IDENTIFIER = "com.gabrieldazzi.Grid-Walk.widget";
				PRODUCT_NAME = "$(TARGET_NAME)";
				REGISTER_APP_GROUPS = YES;
				SDKROOT = auto;
				SKIP_INSTALL = YES;
				SUPPORTED_PLATFORMS = "iphoneos iphonesimulator macosx";
				SUPPORTS_MACCATALYST = NO;
				SWIFT_APPROACHABLE_CONCURRENCY = YES;
				SWIFT_DEFAULT_ACTOR_ISOLATION = MainActor;
				SWIFT_EMIT_LOC_STRINGS = YES;
				SWIFT_UPCOMING_FEATURE_MEMBER_IMPORT_VISIBILITY = YES;
				SWIFT_VERSION = 6.0;
				TARGETED_DEVICE_FAMILY = "1,2";
			};
			name = Debug;
		};
		WDG01REL3065C65F006917E2 /* Release configuration for PBXNativeTarget "Grid Walk Widget" */ = {
			isa = XCBuildConfiguration;
			buildSettings = {
				ASSETCATALOG_COMPILER_GLOBAL_ACCENT_COLOR_NAME = AccentColor;
				ASSETCATALOG_COMPILER_WIDGET_BACKGROUND_COLOR_NAME = WidgetBackground;
				CODE_SIGN_ENTITLEMENTS = "Grid Walk Widget/Grid_Walk_Widget.entitlements";
				CODE_SIGN_STYLE = Automatic;
				CURRENT_PROJECT_VERSION = 1;
				DEVELOPMENT_TEAM = 69U3V2VVHF;
				ENABLE_APP_SANDBOX = YES;
				GENERATE_INFOPLIST_FILE = YES;
				INFOPLIST_FILE = "Grid Walk Widget/Info.plist";
				INFOPLIST_KEY_CFBundleDisplayName = "Grid Walk";
				INFOPLIST_KEY_NSHumanReadableCopyright = "";
				IPHONEOS_DEPLOYMENT_TARGET = 17.0;
				LD_RUNPATH_SEARCH_PATHS = (
					"$(inherited)",
					"@executable_path/Frameworks",
					"@executable_path/../../Frameworks",
				);
				"LD_RUNPATH_SEARCH_PATHS[sdk=macosx*]" = (
					"$(inherited)",
					"@executable_path/../Frameworks",
					"@executable_path/../../../../Frameworks",
				);
				MACOSX_DEPLOYMENT_TARGET = 14.0;
				MARKETING_VERSION = 1.0;
				PRODUCT_BUNDLE_IDENTIFIER = "com.gabrieldazzi.Grid-Walk.widget";
				PRODUCT_NAME = "$(TARGET_NAME)";
				REGISTER_APP_GROUPS = YES;
				SDKROOT = auto;
				SKIP_INSTALL = YES;
				SUPPORTED_PLATFORMS = "iphoneos iphonesimulator macosx";
				SUPPORTS_MACCATALYST = NO;
				SWIFT_APPROACHABLE_CONCURRENCY = YES;
				SWIFT_DEFAULT_ACTOR_ISOLATION = MainActor;
				SWIFT_EMIT_LOC_STRINGS = YES;
				SWIFT_UPCOMING_FEATURE_MEMBER_IMPORT_VISIBILITY = YES;
				SWIFT_VERSION = 6.0;
				TARGETED_DEVICE_FAMILY = "1,2";
			};
			name = Release;
		};
/* End XCBuildConfiguration section */

/* Begin XCConfigurationList section */
		C0357AB83065C65F006917E2 /* Build configuration list for PBXProject "Grid Walk" */ = {
			isa = XCConfigurationList;
			buildConfigurations = (
				C0357AC63065C660006917E2 /* Debug configuration for PBXProject "Grid Walk" */,
				C0357AC73065C660006917E2 /* Release configuration for PBXProject "Grid Walk" */,
			);
			defaultConfigurationName = Release;
		};
		C0357AC83065C660006917E2 /* Build configuration list for PBXNativeTarget "Grid Walk" */ = {
			isa = XCConfigurationList;
			buildConfigurations = (
				C0357AC93065C660006917E2 /* Debug configuration for PBXNativeTarget "Grid Walk" */,
				C0357ACA3065C660006917E2 /* Release configuration for PBXNativeTarget "Grid Walk" */,
			);
			defaultConfigurationName = Release;
		};
		WDG01CFG3065C65F006917E2 /* Build configuration list for PBXNativeTarget "Grid Walk Widget" */ = {
			isa = XCConfigurationList;
			buildConfigurations = (
				WDG01DBG3065C65F006917E2 /* Debug configuration for PBXNativeTarget "Grid Walk Widget" */,
				WDG01REL3065C65F006917E2 /* Release configuration for PBXNativeTarget "Grid Walk Widget" */,
			);
			defaultConfigurationName = Release;
		};
/* End XCConfigurationList section */

/* Begin XCLocalSwiftPackageReference section */
		A1B2C3D63065C65F006917E2 /* XCLocalSwiftPackageReference "GridWalkKit" */ = {
			isa = XCLocalSwiftPackageReference;
			relativePath = GridWalkKit;
		};
/* End XCLocalSwiftPackageReference section */

/* Begin XCSwiftPackageProductDependency section */
		A1B2C3D53065C65F006917E2 /* GridWalkKit */ = {
			isa = XCSwiftPackageProductDependency;
			productName = GridWalkKit;
		};
		WDG01KIT3065C65F006917E2 /* GridWalkKit */ = {
			isa = XCSwiftPackageProductDependency;
			productName = GridWalkKit;
		};
		WDG01DSN3065C65F006917E2 /* GridWalkDesign */ = {
			isa = XCSwiftPackageProductDependency;
			productName = GridWalkDesign;
		};
		A1B2C3E53065C65F006917E2 /* GridWalkDesign */ = {
			isa = XCSwiftPackageProductDependency;
			productName = GridWalkDesign;
		};
/* End XCSwiftPackageProductDependency section */
	};
	rootObject = C0357AB53065C65F006917E2 /* Project object */;
	validationLevel = 1;
}
